
Microsoft Visual Studio Solution File, Format Version 12.00
# Visual Studio Version 17
VisualStudioVersion = 17.7.34009.444
MinimumVisualStudioVersion = 10.0.40219.1
Project("{FAE04EC0-301F-11D3-BF4B-00C04F79EFBC}") = "Rock", "Rock\Rock.csproj", "{8B368BDD-9674-4AC4-A954-80597D2B4563}"
EndProject
Project("{2150E333-8FDC-42A3-9474-1A3956D46DE8}") = "Solution Items", "Solution Items", "{97579089-88F4-454A-9EF6-0BF60241071E}"
	ProjectSection(SolutionItems) = preProject
		.editorconfig = .editorconfig
	EndProjectSection
EndProject
Global
	GlobalSection(SolutionConfigurationPlatforms) = preSolution
		Debug|Any CPU = Debug|Any CPU
		Release|Any CPU = Release|Any CPU
	EndGlobalSection
	GlobalSection(ProjectConfigurationPlatforms) = postSolution
		{8B368BDD-9674-4AC4-A954-80597D2B4563}.Debug|Any CPU.ActiveCfg = Debug|Any CPU
		{8B368BDD-9674-4AC4-A954-80597D2B4563}.Debug|Any CPU.Build.0 = Debug|Any CPU
		{8B368BDD-9674-4AC4-A954-80597D2B4563}.Release|Any CPU.ActiveCfg = Release|Any CPU
		{8B368BDD-9674-4AC4-A954-80597D2B4563}.Release|Any CPU.Build.0 = Release|Any CPU
	EndGlobalSection
	GlobalSection(SolutionProperties) = preSolution
		HideSolutionNode = FALSE
	EndGlobalSection
	GlobalSection(ExtensibilityGlobals) = postSolution
		SolutionGuid = {0D8C45E0-C3A7-4200-B369-6D1C497836FB}
	EndGlobalSection
EndGlobal
