
Microsoft Visual Studio Solution File, Format Version 12.00
# Visual Studio Version 17
VisualStudioVersion = 17.7.34009.444
MinimumVisualStudioVersion = 10.0.40219.1
Project("{FAE04EC0-301F-11D3-BF4B-00C04F79EFBC}") = "LiberA", "LiberA\LiberA.csproj", "{58C61BBC-537D-4A23-B0CA-B7A09B7ABD81}"
EndProject
Project("{FAE04EC0-301F-11D3-BF4B-00C04F79EFBC}") = "Consoleapplication", "Consoleapplication\Consoleapplication.csproj", "{8D019023-28E0-42DD-B03E-B300F2A02563}"
EndProject
Global
	GlobalSection(SolutionConfigurationPlatforms) = preSolution
		Debug|Any CPU = Debug|Any CPU
		Release|Any CPU = Release|Any CPU
	EndGlobalSection
	GlobalSection(ProjectConfigurationPlatforms) = postSolution
		{58C61BBC-537D-4A23-B0CA-B7A09B7ABD81}.Debug|Any CPU.ActiveCfg = Debug|Any CPU
		{58C61BBC-537D-4A23-B0CA-B7A09B7ABD81}.Debug|Any CPU.Build.0 = Debug|Any CPU
		{58C61BBC-537D-4A23-B0CA-B7A09B7ABD81}.Release|Any CPU.ActiveCfg = Release|Any CPU
		{58C61BBC-537D-4A23-B0CA-B7A09B7ABD81}.Release|Any CPU.Build.0 = Release|Any CPU
		{8D019023-28E0-42DD-B03E-B300F2A02563}.Debug|Any CPU.ActiveCfg = Debug|Any CPU
		{8D019023-28E0-42DD-B03E-B300F2A02563}.Debug|Any CPU.Build.0 = Debug|Any CPU
		{8D019023-28E0-42DD-B03E-B300F2A02563}.Release|Any CPU.ActiveCfg = Release|Any CPU
		{8D019023-28E0-42DD-B03E-B300F2A02563}.Release|Any CPU.Build.0 = Release|Any CPU
	EndGlobalSection
	GlobalSection(SolutionProperties) = preSolution
		HideSolutionNode = FALSE
	EndGlobalSection
	GlobalSection(ExtensibilityGlobals) = postSolution
		SolutionGuid = {52944B24-A88F-4443-B59C-754F00F546AC}
	EndGlobalSection
EndGlobal
