
Microsoft Visual Studio Solution File, Format Version 12.00
# Visual Studio Version 17
VisualStudioVersion = 17.7.34009.444
MinimumVisualStudioVersion = 10.0.40219.1
Project("{FAE04EC0-301F-11D3-BF4B-00C04F79EFBC}") = "MvcefApp", "MvcefApp\MvcefApp.csproj", "{3C68CE3D-7215-4E90-BE6F-445B6918D485}"
EndProject
Global
	GlobalSection(SolutionConfigurationPlatforms) = preSolution
		Debug|Any CPU = Debug|Any CPU
		Release|Any CPU = Release|Any CPU
	EndGlobalSection
	GlobalSection(ProjectConfigurationPlatforms) = postSolution
		{3C68CE3D-7215-4E90-BE6F-445B6918D485}.Debug|Any CPU.ActiveCfg = Debug|Any CPU
		{3C68CE3D-7215-4E90-BE6F-445B6918D485}.Debug|Any CPU.Build.0 = Debug|Any CPU
		{3C68CE3D-7215-4E90-BE6F-445B6918D485}.Release|Any CPU.ActiveCfg = Release|Any CPU
		{3C68CE3D-7215-4E90-BE6F-445B6918D485}.Release|Any CPU.Build.0 = Release|Any CPU
	EndGlobalSection
	GlobalSection(SolutionProperties) = preSolution
		HideSolutionNode = FALSE
	EndGlobalSection
	GlobalSection(ExtensibilityGlobals) = postSolution
		SolutionGuid = {3ABA5854-F528-408E-A8C1-ED4B37DC9E0E}
	EndGlobalSection
EndGlobal
