
Microsoft Visual Studio Solution File, Format Version 12.00
# Visual Studio Version 17
VisualStudioVersion = 17.7.34009.444
MinimumVisualStudioVersion = 10.0.40219.1
Project("{FAE04EC0-301F-11D3-BF4B-00C04F79EFBC}") = "Lesson A", "Lesson A\Lesson A.csproj", "{DC7CF9BD-2E67-4AD6-A9D2-63B37E58125D}"
EndProject
Global
	GlobalSection(SolutionConfigurationPlatforms) = preSolution
		Debug|Any CPU = Debug|Any CPU
		Release|Any CPU = Release|Any CPU
	EndGlobalSection
	GlobalSection(ProjectConfigurationPlatforms) = postSolution
		{DC7CF9BD-2E67-4AD6-A9D2-63B37E58125D}.Debug|Any CPU.ActiveCfg = Debug|Any CPU
		{DC7CF9BD-2E67-4AD6-A9D2-63B37E58125D}.Debug|Any CPU.Build.0 = Debug|Any CPU
		{DC7CF9BD-2E67-4AD6-A9D2-63B37E58125D}.Release|Any CPU.ActiveCfg = Release|Any CPU
		{DC7CF9BD-2E67-4AD6-A9D2-63B37E58125D}.Release|Any CPU.Build.0 = Release|Any CPU
	EndGlobalSection
	GlobalSection(SolutionProperties) = preSolution
		HideSolutionNode = FALSE
	EndGlobalSection
	GlobalSection(ExtensibilityGlobals) = postSolution
		SolutionGuid = {DB7E7153-44A8-41C6-8FB2-E17F6262E31D}
	EndGlobalSection
EndGlobal
