
Microsoft Visual Studio Solution File, Format Version 12.00
# Visual Studio Version 17
VisualStudioVersion = 17.7.34009.444
MinimumVisualStudioVersion = 10.0.40219.1
Project("{FAE04EC0-301F-11D3-BF4B-00C04F79EFBC}") = "Simp", "Simp\Simp.csproj", "{DEA30699-6FEF-43C9-8DEC-5615B5EED877}"
EndProject
Global
	GlobalSection(SolutionConfigurationPlatforms) = preSolution
		Debug|Any CPU = Debug|Any CPU
		Release|Any CPU = Release|Any CPU
	EndGlobalSection
	GlobalSection(ProjectConfigurationPlatforms) = postSolution
		{DEA30699-6FEF-43C9-8DEC-5615B5EED877}.Debug|Any CPU.ActiveCfg = Debug|Any CPU
		{DEA30699-6FEF-43C9-8DEC-5615B5EED877}.Debug|Any CPU.Build.0 = Debug|Any CPU
		{DEA30699-6FEF-43C9-8DEC-5615B5EED877}.Release|Any CPU.ActiveCfg = Release|Any CPU
		{DEA30699-6FEF-43C9-8DEC-5615B5EED877}.Release|Any CPU.Build.0 = Release|Any CPU
	EndGlobalSection
	GlobalSection(SolutionProperties) = preSolution
		HideSolutionNode = FALSE
	EndGlobalSection
	GlobalSection(ExtensibilityGlobals) = postSolution
		SolutionGuid = {F9638F1F-AAA9-4BC5-870F-72363B3FE84B}
	EndGlobalSection
EndGlobal
